# This file is automatically @generated by Cargo.
# It is not intended for manual editing.
version = 3

[[package]]
name = "algo"
version = "0.1.0"
source = "git+https://github.com/patrik-cihal/algo#4c8964222c823022db14178df7bb224c96579a28"

[[package]]
name = "codeforces-template"
version = "0.1.0"
dependencies = [
 "algo",
]
